
Microsoft Visual Studio Solution File, Format Version 12.00
# Visual Studio Version 17
VisualStudioVersion = 17.7.34221.43
MinimumVisualStudioVersion = 10.0.40219.1
Project("{FAE04EC0-301F-11D3-BF4B-00C04F79EFBC}") = "Examen2Registro", "Examen2Registro\Examen2Registro.csproj", "{2443F26B-F113-413F-B7EF-4CD06F72FE4C}"
EndProject
Global
	GlobalSection(SolutionConfigurationPlatforms) = preSolution
		Debug|Any CPU = Debug|Any CPU
		Release|Any CPU = Release|Any CPU
	EndGlobalSection
	GlobalSection(ProjectConfigurationPlatforms) = postSolution
		{2443F26B-F113-413F-B7EF-4CD06F72FE4C}.Debug|Any CPU.ActiveCfg = Debug|Any CPU
		{2443F26B-F113-413F-B7EF-4CD06F72FE4C}.Debug|Any CPU.Build.0 = Debug|Any CPU
		{2443F26B-F113-413F-B7EF-4CD06F72FE4C}.Release|Any CPU.ActiveCfg = Release|Any CPU
		{2443F26B-F113-413F-B7EF-4CD06F72FE4C}.Release|Any CPU.Build.0 = Release|Any CPU
	EndGlobalSection
	GlobalSection(SolutionProperties) = preSolution
		HideSolutionNode = FALSE
	EndGlobalSection
	GlobalSection(ExtensibilityGlobals) = postSolution
		SolutionGuid = {61922827-14A6-4881-80DA-DB37CDF5FD4B}
	EndGlobalSection
EndGlobal
